// !$*UTF8*$!
{
	archiveVersion = 1;
	classes = {
	};
	objectVersion = 77;
	objects = {

/* Begin PBXBuildFile section */
		788719D82D02960E00F14C2D /* GoogleMaps in Frameworks */ = {isa = PBXBuildFile; productRef = 788719D72D02960E00F14C2D /* GoogleMaps */; };
		788719DB2D02A1A800F14C2D /* GooglePlaces in Frameworks */ = {isa = PBXBuildFile; productRef = 788719DA2D02A1A800F14C2D /* GooglePlaces */; };
		788719DD2D02A1A800F14C2D /* GooglePlacesSwift in Frameworks */ = {isa = PBXBuildFile; productRef = 788719DC2D02A1A800F14C2D /* GooglePlacesSwift */; };
		789A10982D063F1900F72610 /* SDWebImage in Frameworks */ = {isa = PBXBuildFile; productRef = 789A10972D063F1900F72610 /* SDWebImage */; };
		789A109A2D063F1900F72610 /* SDWebImageMapKit in Frameworks */ = {isa = PBXBuildFile; productRef = 789A10992D063F1900F72610 /* SDWebImageMapKit */; };
		78A67AC52D03EA0C00107394 /* Stripe in Frameworks */ = {isa = PBXBuildFile; productRef = 78A67AC42D03EA0C00107394 /* Stripe */; };
		78A67AC72D03EA0C00107394 /* StripeApplePay in Frameworks */ = {isa = PBXBuildFile; productRef = 78A67AC62D03EA0C00107394 /* StripeApplePay */; };
		78A67AC92D03EA0C00107394 /* StripeCardScan in Frameworks */ = {isa = PBXBuildFile; productRef = 78A67AC82D03EA0C00107394 /* StripeCardScan */; };
		78A67ACB2D03EA0C00107394 /* StripeFinancialConnections in Frameworks */ = {isa = PBXBuildFile; productRef = 78A67ACA2D03EA0C00107394 /* StripeFinancialConnections */; };
		78A67ACD2D03EA0C00107394 /* StripeIdentity in Frameworks */ = {isa = PBXBuildFile; productRef = 78A67ACC2D03EA0C00107394 /* StripeIdentity */; };
		78A67AD12D03EF4200107394 /* FirebaseFunctions in Frameworks */ = {isa = PBXBuildFile; productRef = 78A67AD02D03EF4200107394 /* FirebaseFunctions */; };
		78A67AD32D03FBE300107394 /* StripePaymentSheet in Frameworks */ = {isa = PBXBuildFile; productRef = 78A67AD22D03FBE300107394 /* StripePaymentSheet */; };
		78A67AD52D03FBE300107394 /* StripePayments in Frameworks */ = {isa = PBXBuildFile; productRef = 78A67AD42D03FBE300107394 /* StripePayments */; };
		78A67AD72D03FBE300107394 /* StripePaymentsUI in Frameworks */ = {isa = PBXBuildFile; productRef = 78A67AD62D03FBE300107394 /* StripePaymentsUI */; };
		78CC193D2CF2BD7300CE3B7F /* FirebaseAnalytics in Frameworks */ = {isa = PBXBuildFile; productRef = 78CC193C2CF2BD7300CE3B7F /* FirebaseAnalytics */; };
		78CC193F2CF2BD7300CE3B7F /* FirebaseAuth in Frameworks */ = {isa = PBXBuildFile; productRef = 78CC193E2CF2BD7300CE3B7F /* FirebaseAuth */; };
		78CC19412CF2BD7300CE3B7F /* FirebaseFirestore in Frameworks */ = {isa = PBXBuildFile; productRef = 78CC19402CF2BD7300CE3B7F /* FirebaseFirestore */; };
		78CC19432CF2BD7300CE3B7F /* FirebaseStorage in Frameworks */ = {isa = PBXBuildFile; productRef = 78CC19422CF2BD7300CE3B7F /* FirebaseStorage */; };
/* End PBXBuildFile section */

/* Begin PBXFileReference section */
		78918C1A2CEC5E0C00B6B503 /* Joes Pizza.app */ = {isa = PBXFileReference; explicitFileType = wrapper.application; includeInIndex = 0; path = "Joes Pizza.app"; sourceTree = BUILT_PRODUCTS_DIR; };
/* End PBXFileReference section */

/* Begin PBXFileSystemSynchronizedBuildFileExceptionSet section */
		78918C2C2CEC5E0D00B6B503 /* Exceptions for "Joes Pizza" folder in "Joes Pizza" target */ = {
			isa = PBXFileSystemSynchronizedBuildFileExceptionSet;
			membershipExceptions = (
				Info.plist,
			);
			target = 78918C192CEC5E0C00B6B503 /* Joes Pizza */;
		};
/* End PBXFileSystemSynchronizedBuildFileExceptionSet section */

/* Begin PBXFileSystemSynchronizedRootGroup section */
		78918C1C2CEC5E0C00B6B503 /* Joes Pizza */ = {
			isa = PBXFileSystemSynchronizedRootGroup;
			exceptions = (
				78918C2C2CEC5E0D00B6B503 /* Exceptions for "Joes Pizza" folder in "Joes Pizza" target */,
			);
			path = "Joes Pizza";
			sourceTree = "<group>";
		};
/* End PBXFileSystemSynchronizedRootGroup section */

/* Begin PBXFrameworksBuildPhase section */
		78918C172CEC5E0C00B6B503 /* Frameworks */ = {
			isa = PBXFrameworksBuildPhase;
			buildActionMask = 2147483647;
			files = (
				78A67AD52D03FBE300107394 /* StripePayments in Frameworks */,
				78CC193D2CF2BD7300CE3B7F /* FirebaseAnalytics in Frameworks */,
				78CC19432CF2BD7300CE3B7F /* FirebaseStorage in Frameworks */,
				788719DD2D02A1A800F14C2D /* GooglePlacesSwift in Frameworks */,
				78A67ACD2D03EA0C00107394 /* StripeIdentity in Frameworks */,
				78A67AD32D03FBE300107394 /* StripePaymentSheet in Frameworks */,
				78A67AD72D03FBE300107394 /* StripePaymentsUI in Frameworks */,
				78A67ACB2D03EA0C00107394 /* StripeFinancialConnections in Frameworks */,
				78A67AC72D03EA0C00107394 /* StripeApplePay in Frameworks */,
				788719D82D02960E00F14C2D /* GoogleMaps in Frameworks */,
				789A109A2D063F1900F72610 /* SDWebImageMapKit in Frameworks */,
				788719DB2D02A1A800F14C2D /* GooglePlaces in Frameworks */,
				78A67AC52D03EA0C00107394 /* Stripe in Frameworks */,
				78A67AD12D03EF4200107394 /* FirebaseFunctions in Frameworks */,
				78CC193F2CF2BD7300CE3B7F /* FirebaseAuth in Frameworks */,
				78A67AC92D03EA0C00107394 /* StripeCardScan in Frameworks */,
				78CC19412CF2BD7300CE3B7F /* FirebaseFirestore in Frameworks */,
				789A10982D063F1900F72610 /* SDWebImage in Frameworks */,
			);
			runOnlyForDeploymentPostprocessing = 0;
		};
/* End PBXFrameworksBuildPhase section */

/* Begin PBXGroup section */
		78918C112CEC5E0C00B6B503 = {
			isa = PBXGroup;
			children = (
				78918C1C2CEC5E0C00B6B503 /* Joes Pizza */,
				78918C1B2CEC5E0C00B6B503 /* Products */,
			);
			sourceTree = "<group>";
		};
		78918C1B2CEC5E0C00B6B503 /* Products */ = {
			isa = PBXGroup;
			children = (
				78918C1A2CEC5E0C00B6B503 /* Joes Pizza.app */,
			);
			name = Products;
			sourceTree = "<group>";
		};
/* End PBXGroup section */

/* Begin PBXNativeTarget section */
		78918C192CEC5E0C00B6B503 /* Joes Pizza */ = {
			isa = PBXNativeTarget;
			buildConfigurationList = 78918C2D2CEC5E0D00B6B503 /* Build configuration list for PBXNativeTarget "Joes Pizza" */;
			buildPhases = (
				78918C162CEC5E0C00B6B503 /* Sources */,
				78918C172CEC5E0C00B6B503 /* Frameworks */,
				78918C182CEC5E0C00B6B503 /* Resources */,
			);
			buildRules = (
			);
			dependencies = (
			);
			fileSystemSynchronizedGroups = (
				78918C1C2CEC5E0C00B6B503 /* Joes Pizza */,
			);
			name = "Joes Pizza";
			packageProductDependencies = (
				78CC193C2CF2BD7300CE3B7F /* FirebaseAnalytics */,
				78CC193E2CF2BD7300CE3B7F /* FirebaseAuth */,
				78CC19402CF2BD7300CE3B7F /* FirebaseFirestore */,
				78CC19422CF2BD7300CE3B7F /* FirebaseStorage */,
				788719D72D02960E00F14C2D /* GoogleMaps */,
				788719DA2D02A1A800F14C2D /* GooglePlaces */,
				788719DC2D02A1A800F14C2D /* GooglePlacesSwift */,
				78A67AC42D03EA0C00107394 /* Stripe */,
				78A67AC62D03EA0C00107394 /* StripeApplePay */,
				78A67AC82D03EA0C00107394 /* StripeCardScan */,
				78A67ACA2D03EA0C00107394 /* StripeFinancialConnections */,
				78A67ACC2D03EA0C00107394 /* StripeIdentity */,
				78A67AD02D03EF4200107394 /* FirebaseFunctions */,
				78A67AD22D03FBE300107394 /* StripePaymentSheet */,
				78A67AD42D03FBE300107394 /* StripePayments */,
				78A67AD62D03FBE300107394 /* StripePaymentsUI */,
				789A10972D063F1900F72610 /* SDWebImage */,
				789A10992D063F1900F72610 /* SDWebImageMapKit */,
			);
			productName = "Joes Pizza";
			productReference = 78918C1A2CEC5E0C00B6B503 /* Joes Pizza.app */;
			productType = "com.apple.product-type.application";
		};
/* End PBXNativeTarget section */

/* Begin PBXProject section */
		78918C122CEC5E0C00B6B503 /* Project object */ = {
			isa = PBXProject;
			attributes = {
				BuildIndependentTargetsInParallel = 1;
				LastSwiftUpdateCheck = 1610;
				LastUpgradeCheck = 1610;
				TargetAttributes = {
					78918C192CEC5E0C00B6B503 = {
						CreatedOnToolsVersion = 16.1;
					};
				};
			};
			buildConfigurationList = 78918C152CEC5E0C00B6B503 /* Build configuration list for PBXProject "Joes Pizza" */;
			developmentRegion = en;
			hasScannedForEncodings = 0;
			knownRegions = (
				en,
				Base,
			);
			mainGroup = 78918C112CEC5E0C00B6B503;
			minimizedProjectReferenceProxies = 1;
			packageReferences = (
				78CC193B2CF2BD7300CE3B7F /* XCRemoteSwiftPackageReference "firebase-ios-sdk" */,
				788719D62D02960E00F14C2D /* XCRemoteSwiftPackageReference "ios-maps-sdk" */,
				788719D92D02A1A800F14C2D /* XCRemoteSwiftPackageReference "ios-places-sdk" */,
				78A67AC32D03EA0C00107394 /* XCRemoteSwiftPackageReference "stripe-ios-spm" */,
				789A10962D063F1900F72610 /* XCRemoteSwiftPackageReference "SDWebImage" */,
			);
			preferredProjectObjectVersion = 77;
			productRefGroup = 78918C1B2CEC5E0C00B6B503 /* Products */;
			projectDirPath = "";
			projectRoot = "";
			targets = (
				78918C192CEC5E0C00B6B503 /* Joes Pizza */,
			);
		};
/* End PBXProject section */

/* Begin PBXResourcesBuildPhase section */
		78918C182CEC5E0C00B6B503 /* Resources */ = {
			isa = PBXResourcesBuildPhase;
			buildActionMask = 2147483647;
			files = (
			);
			runOnlyForDeploymentPostprocessing = 0;
		};
/* End PBXResourcesBuildPhase section */

/* Begin PBXSourcesBuildPhase section */
		78918C162CEC5E0C00B6B503 /* Sources */ = {
			isa = PBXSourcesBuildPhase;
			buildActionMask = 2147483647;
			files = (
			);
			runOnlyForDeploymentPostprocessing = 0;
		};
/* End PBXSourcesBuildPhase section */

/* Begin XCBuildConfiguration section */
		78918C2E2CEC5E0D00B6B503 /* Debug */ = {
			isa = XCBuildConfiguration;
			buildSettings = {
				ASSETCATALOG_COMPILER_APPICON_NAME = AppIcon;
				ASSETCATALOG_COMPILER_GLOBAL_ACCENT_COLOR_NAME = AccentColor;
				CODE_SIGN_ENTITLEMENTS = "Joes Pizza/Joes Pizza.entitlements";
				CODE_SIGN_STYLE = Automatic;
				CURRENT_PROJECT_VERSION = 1;
				DEVELOPMENT_TEAM = "";
				GENERATE_INFOPLIST_FILE = YES;
				INFOPLIST_FILE = "Joes Pizza/Info.plist";
				INFOPLIST_KEY_UIApplicationSupportsIndirectInputEvents = YES;
				INFOPLIST_KEY_UILaunchStoryboardName = LaunchScreen;
				INFOPLIST_KEY_UIMainStoryboardFile = Main;
				INFOPLIST_KEY_UISupportedInterfaceOrientations_iPad = "UIInterfaceOrientationPortrait UIInterfaceOrientationPortraitUpsideDown UIInterfaceOrientationLandscapeLeft UIInterfaceOrientationLandscapeRight";
				INFOPLIST_KEY_UISupportedInterfaceOrientations_iPhone = "UIInterfaceOrientationPortrait UIInterfaceOrientationLandscapeLeft UIInterfaceOrientationLandscapeRight";
				LD_RUNPATH_SEARCH_PATHS = (
					"$(inherited)",
					"@executable_path/Frameworks",
				);
				MARKETING_VERSION = 1.0;
				PRODUCT_BUNDLE_IDENTIFIER = "com.nuios.Joes-Pizza";
				PRODUCT_NAME = "$(TARGET_NAME)";
				SWIFT_EMIT_LOC_STRINGS = YES;
				SWIFT_VERSION = 5.0;
				TARGETED_DEVICE_FAMILY = "1,2";
			};
			name = Debug;
		};
		78918C2F2CEC5E0D00B6B503 /* Release */ = {
			isa = XCBuildConfiguration;
			buildSettings = {
				ASSETCATALOG_COMPILER_APPICON_NAME = AppIcon;
				ASSETCATALOG_COMPILER_GLOBAL_ACCENT_COLOR_NAME = AccentColor;
				CODE_SIGN_ENTITLEMENTS = "Joes Pizza/Joes Pizza.entitlements";
				CODE_SIGN_STYLE = Automatic;
				CURRENT_PROJECT_VERSION = 1;
				DEVELOPMENT_TEAM = "";
				GENERATE_INFOPLIST_FILE = YES;
				INFOPLIST_FILE = "Joes Pizza/Info.plist";
				INFOPLIST_KEY_UIApplicationSupportsIndirectInputEvents = YES;
				INFOPLIST_KEY_UILaunchStoryboardName = LaunchScreen;
				INFOPLIST_KEY_UIMainStoryboardFile = Main;
				INFOPLIST_KEY_UISupportedInterfaceOrientations_iPad = "UIInterfaceOrientationPortrait UIInterfaceOrientationPortraitUpsideDown UIInterfaceOrientationLandscapeLeft UIInterfaceOrientationLandscapeRight";
				INFOPLIST_KEY_UISupportedInterfaceOrientations_iPhone = "UIInterfaceOrientationPortrait UIInterfaceOrientationLandscapeLeft UIInterfaceOrientationLandscapeRight";
				LD_RUNPATH_SEARCH_PATHS = (
					"$(inherited)",
					"@executable_path/Frameworks",
				);
				MARKETING_VERSION = 1.0;
				PRODUCT_BUNDLE_IDENTIFIER = "com.nuios.Joes-Pizza";
				PRODUCT_NAME = "$(TARGET_NAME)";
				SWIFT_EMIT_LOC_STRINGS = YES;
				SWIFT_VERSION = 5.0;
				TARGETED_DEVICE_FAMILY = "1,2";
			};
			name = Release;
		};
		78918C302CEC5E0D00B6B503 /* Debug */ = {
			isa = XCBuildConfiguration;
			buildSettings = {
				ALWAYS_SEARCH_USER_PATHS = NO;
				ASSETCATALOG_COMPILER_GENERATE_SWIFT_ASSET_SYMBOL_EXTENSIONS = YES;
				CLANG_ANALYZER_NONNULL = YES;
				CLANG_ANALYZER_NUMBER_OBJECT_CONVERSION = YES_AGGRESSIVE;
				CLANG_CXX_LANGUAGE_STANDARD = "gnu++20";
				CLANG_ENABLE_MODULES = YES;
				CLANG_ENABLE_OBJC_ARC = YES;
				CLANG_ENABLE_OBJC_WEAK = YES;
				CLANG_WARN_BLOCK_CAPTURE_AUTORELEASING = YES;
				CLANG_WARN_BOOL_CONVERSION = YES;
				CLANG_WARN_COMMA = YES;
				CLANG_WARN_CONSTANT_CONVERSION = YES;
				CLANG_WARN_DEPRECATED_OBJC_IMPLEMENTATIONS = YES;
				CLANG_WARN_DIRECT_OBJC_ISA_USAGE = YES_ERROR;
				CLANG_WARN_DOCUMENTATION_COMMENTS = YES;
				CLANG_WARN_EMPTY_BODY = YES;
				CLANG_WARN_ENUM_CONVERSION = YES;
				CLANG_WARN_INFINITE_RECURSION = YES;
				CLANG_WARN_INT_CONVERSION = YES;
				CLANG_WARN_NON_LITERAL_NULL_CONVERSION = YES;
				CLANG_WARN_OBJC_IMPLICIT_RETAIN_SELF = YES;
				CLANG_WARN_OBJC_LITERAL_CONVERSION = YES;
				CLANG_WARN_OBJC_ROOT_CLASS = YES_ERROR;
				CLANG_WARN_QUOTED_INCLUDE_IN_FRAMEWORK_HEADER = YES;
				CLANG_WARN_RANGE_LOOP_ANALYSIS = YES;
				CLANG_WARN_STRICT_PROTOTYPES = YES;
				CLANG_WARN_SUSPICIOUS_MOVE = YES;
				CLANG_WARN_UNGUARDED_AVAILABILITY = YES_AGGRESSIVE;
				CLANG_WARN_UNREACHABLE_CODE = YES;
				CLANG_WARN__DUPLICATE_METHOD_MATCH = YES;
				COPY_PHASE_STRIP = NO;
				DEBUG_INFORMATION_FORMAT = dwarf;
				ENABLE_STRICT_OBJC_MSGSEND = YES;
				ENABLE_TESTABILITY = YES;
				ENABLE_USER_SCRIPT_SANDBOXING = YES;
				GCC_C_LANGUAGE_STANDARD = gnu17;
				GCC_DYNAMIC_NO_PIC = NO;
				GCC_NO_COMMON_BLOCKS = YES;
				GCC_OPTIMIZATION_LEVEL = 0;
				GCC_PREPROCESSOR_DEFINITIONS = (
					"DEBUG=1",
					"$(inherited)",
				);
				GCC_WARN_64_TO_32_BIT_CONVERSION = YES;
				GCC_WARN_ABOUT_RETURN_TYPE = YES_ERROR;
				GCC_WARN_UNDECLARED_SELECTOR = YES;
				GCC_WARN_UNINITIALIZED_AUTOS = YES_AGGRESSIVE;
				GCC_WARN_UNUSED_FUNCTION = YES;
				GCC_WARN_UNUSED_VARIABLE = YES;
				IPHONEOS_DEPLOYMENT_TARGET = 18.1;
				LOCALIZATION_PREFERS_STRING_CATALOGS = YES;
				MTL_ENABLE_DEBUG_INFO = INCLUDE_SOURCE;
				MTL_FAST_MATH = YES;
				ONLY_ACTIVE_ARCH = YES;
				SDKROOT = iphoneos;
				SWIFT_ACTIVE_COMPILATION_CONDITIONS = "DEBUG $(inherited)";
				SWIFT_OPTIMIZATION_LEVEL = "-Onone";
			};
			name = Debug;
		};
		78918C312CEC5E0D00B6B503 /* Release */ = {
			isa = XCBuildConfiguration;
			buildSettings = {
				ALWAYS_SEARCH_USER_PATHS = NO;
				ASSETCATALOG_COMPILER_GENERATE_SWIFT_ASSET_SYMBOL_EXTENSIONS = YES;
				CLANG_ANALYZER_NONNULL = YES;
				CLANG_ANALYZER_NUMBER_OBJECT_CONVERSION = YES_AGGRESSIVE;
				CLANG_CXX_LANGUAGE_STANDARD = "gnu++20";
				CLANG_ENABLE_MODULES = YES;
				CLANG_ENABLE_OBJC_ARC = YES;
				CLANG_ENABLE_OBJC_WEAK = YES;
				CLANG_WARN_BLOCK_CAPTURE_AUTORELEASING = YES;
				CLANG_WARN_BOOL_CONVERSION = YES;
				CLANG_WARN_COMMA = YES;
				CLANG_WARN_CONSTANT_CONVERSION = YES;
				CLANG_WARN_DEPRECATED_OBJC_IMPLEMENTATIONS = YES;
				CLANG_WARN_DIRECT_OBJC_ISA_USAGE = YES_ERROR;
				CLANG_WARN_DOCUMENTATION_COMMENTS = YES;
				CLANG_WARN_EMPTY_BODY = YES;
				CLANG_WARN_ENUM_CONVERSION = YES;
				CLANG_WARN_INFINITE_RECURSION = YES;
				CLANG_WARN_INT_CONVERSION = YES;
				CLANG_WARN_NON_LITERAL_NULL_CONVERSION = YES;
				CLANG_WARN_OBJC_IMPLICIT_RETAIN_SELF = YES;
				CLANG_WARN_OBJC_LITERAL_CONVERSION = YES;
				CLANG_WARN_OBJC_ROOT_CLASS = YES_ERROR;
				CLANG_WARN_QUOTED_INCLUDE_IN_FRAMEWORK_HEADER = YES;
				CLANG_WARN_RANGE_LOOP_ANALYSIS = YES;
				CLANG_WARN_STRICT_PROTOTYPES = YES;
				CLANG_WARN_SUSPICIOUS_MOVE = YES;
				CLANG_WARN_UNGUARDED_AVAILABILITY = YES_AGGRESSIVE;
				CLANG_WARN_UNREACHABLE_CODE = YES;
				CLANG_WARN__DUPLICATE_METHOD_MATCH = YES;
				COPY_PHASE_STRIP = NO;
				DEBUG_INFORMATION_FORMAT = "dwarf-with-dsym";
				ENABLE_NS_ASSERTIONS = NO;
				ENABLE_STRICT_OBJC_MSGSEND = YES;
				ENABLE_USER_SCRIPT_SANDBOXING = YES;
				GCC_C_LANGUAGE_STANDARD = gnu17;
				GCC_NO_COMMON_BLOCKS = YES;
				GCC_WARN_64_TO_32_BIT_CONVERSION = YES;
				GCC_WARN_ABOUT_RETURN_TYPE = YES_ERROR;
				GCC_WARN_UNDECLARED_SELECTOR = YES;
				GCC_WARN_UNINITIALIZED_AUTOS = YES_AGGRESSIVE;
				GCC_WARN_UNUSED_FUNCTION = YES;
				GCC_WARN_UNUSED_VARIABLE = YES;
				IPHONEOS_DEPLOYMENT_TARGET = 18.1;
				LOCALIZATION_PREFERS_STRING_CATALOGS = YES;
				MTL_ENABLE_DEBUG_INFO = NO;
				MTL_FAST_MATH = YES;
				SDKROOT = iphoneos;
				SWIFT_COMPILATION_MODE = wholemodule;
				VALIDATE_PRODUCT = YES;
			};
			name = Release;
		};
/* End XCBuildConfiguration section */

/* Begin XCConfigurationList section */
		78918C152CEC5E0C00B6B503 /* Build configuration list for PBXProject "Joes Pizza" */ = {
			isa = XCConfigurationList;
			buildConfigurations = (
				78918C302CEC5E0D00B6B503 /* Debug */,
				78918C312CEC5E0D00B6B503 /* Release */,
			);
			defaultConfigurationIsVisible = 0;
			defaultConfigurationName = Release;
		};
		78918C2D2CEC5E0D00B6B503 /* Build configuration list for PBXNativeTarget "Joes Pizza" */ = {
			isa = XCConfigurationList;
			buildConfigurations = (
				78918C2E2CEC5E0D00B6B503 /* Debug */,
				78918C2F2CEC5E0D00B6B503 /* Release */,
			);
			defaultConfigurationIsVisible = 0;
			defaultConfigurationName = Release;
		};
/* End XCConfigurationList section */

/* Begin XCRemoteSwiftPackageReference section */
		788719D62D02960E00F14C2D /* XCRemoteSwiftPackageReference "ios-maps-sdk" */ = {
			isa = XCRemoteSwiftPackageReference;
			repositoryURL = "https://github.com/googlemaps/ios-maps-sdk";
			requirement = {
				kind = upToNextMajorVersion;
				minimumVersion = 9.2.0;
			};
		};
		788719D92D02A1A800F14C2D /* XCRemoteSwiftPackageReference "ios-places-sdk" */ = {
			isa = XCRemoteSwiftPackageReference;
			repositoryURL = "https://github.com/googlemaps/ios-places-sdk";
			requirement = {
				kind = upToNextMajorVersion;
				minimumVersion = 9.2.0;
			};
		};
		789A10962D063F1900F72610 /* XCRemoteSwiftPackageReference "SDWebImage" */ = {
			isa = XCRemoteSwiftPackageReference;
			repositoryURL = "https://github.com/SDWebImage/SDWebImage";
			requirement = {
				kind = upToNextMajorVersion;
				minimumVersion = 5.20.0;
			};
		};
		78A67AC32D03EA0C00107394 /* XCRemoteSwiftPackageReference "stripe-ios-spm" */ = {
			isa = XCRemoteSwiftPackageReference;
			repositoryURL = "https://github.com/stripe/stripe-ios-spm";
			requirement = {
				kind = upToNextMajorVersion;
				minimumVersion = 24.1.2;
			};
		};
		78CC193B2CF2BD7300CE3B7F /* XCRemoteSwiftPackageReference "firebase-ios-sdk" */ = {
			isa = XCRemoteSwiftPackageReference;
			repositoryURL = "https://github.com/firebase/firebase-ios-sdk";
			requirement = {
				kind = upToNextMajorVersion;
				minimumVersion = 11.5.0;
			};
		};
/* End XCRemoteSwiftPackageReference section */

/* Begin XCSwiftPackageProductDependency section */
		788719D72D02960E00F14C2D /* GoogleMaps */ = {
			isa = XCSwiftPackageProductDependency;
			package = 788719D62D02960E00F14C2D /* XCRemoteSwiftPackageReference "ios-maps-sdk" */;
			productName = GoogleMaps;
		};
		788719DA2D02A1A800F14C2D /* GooglePlaces */ = {
			isa = XCSwiftPackageProductDependency;
			package = 788719D92D02A1A800F14C2D /* XCRemoteSwiftPackageReference "ios-places-sdk" */;
			productName = GooglePlaces;
		};
		788719DC2D02A1A800F14C2D /* GooglePlacesSwift */ = {
			isa = XCSwiftPackageProductDependency;
			package = 788719D92D02A1A800F14C2D /* XCRemoteSwiftPackageReference "ios-places-sdk" */;
			productName = GooglePlacesSwift;
		};
		789A10972D063F1900F72610 /* SDWebImage */ = {
			isa = XCSwiftPackageProductDependency;
			package = 789A10962D063F1900F72610 /* XCRemoteSwiftPackageReference "SDWebImage" */;
			productName = SDWebImage;
		};
		789A10992D063F1900F72610 /* SDWebImageMapKit */ = {
			isa = XCSwiftPackageProductDependency;
			package = 789A10962D063F1900F72610 /* XCRemoteSwiftPackageReference "SDWebImage" */;
			productName = SDWebImageMapKit;
		};
		78A67AC42D03EA0C00107394 /* Stripe */ = {
			isa = XCSwiftPackageProductDependency;
			package = 78A67AC32D03EA0C00107394 /* XCRemoteSwiftPackageReference "stripe-ios-spm" */;
			productName = Stripe;
		};
		78A67AC62D03EA0C00107394 /* StripeApplePay */ = {
			isa = XCSwiftPackageProductDependency;
			package = 78A67AC32D03EA0C00107394 /* XCRemoteSwiftPackageReference "stripe-ios-spm" */;
			productName = StripeApplePay;
		};
		78A67AC82D03EA0C00107394 /* StripeCardScan */ = {
			isa = XCSwiftPackageProductDependency;
			package = 78A67AC32D03EA0C00107394 /* XCRemoteSwiftPackageReference "stripe-ios-spm" */;
			productName = StripeCardScan;
		};
		78A67ACA2D03EA0C00107394 /* StripeFinancialConnections */ = {
			isa = XCSwiftPackageProductDependency;
			package = 78A67AC32D03EA0C00107394 /* XCRemoteSwiftPackageReference "stripe-ios-spm" */;
			productName = StripeFinancialConnections;
		};
		78A67ACC2D03EA0C00107394 /* StripeIdentity */ = {
			isa = XCSwiftPackageProductDependency;
			package = 78A67AC32D03EA0C00107394 /* XCRemoteSwiftPackageReference "stripe-ios-spm" */;
			productName = StripeIdentity;
		};
		78A67AD02D03EF4200107394 /* FirebaseFunctions */ = {
			isa = XCSwiftPackageProductDependency;
			package = 78CC193B2CF2BD7300CE3B7F /* XCRemoteSwiftPackageReference "firebase-ios-sdk" */;
			productName = FirebaseFunctions;
		};
		78A67AD22D03FBE300107394 /* StripePaymentSheet */ = {
			isa = XCSwiftPackageProductDependency;
			package = 78A67AC32D03EA0C00107394 /* XCRemoteSwiftPackageReference "stripe-ios-spm" */;
			productName = StripePaymentSheet;
		};
		78A67AD42D03FBE300107394 /* StripePayments */ = {
			isa = XCSwiftPackageProductDependency;
			package = 78A67AC32D03EA0C00107394 /* XCRemoteSwiftPackageReference "stripe-ios-spm" */;
			productName = StripePayments;
		};
		78A67AD62D03FBE300107394 /* StripePaymentsUI */ = {
			isa = XCSwiftPackageProductDependency;
			package = 78A67AC32D03EA0C00107394 /* XCRemoteSwiftPackageReference "stripe-ios-spm" */;
			productName = StripePaymentsUI;
		};
		78CC193C2CF2BD7300CE3B7F /* FirebaseAnalytics */ = {
			isa = XCSwiftPackageProductDependency;
			package = 78CC193B2CF2BD7300CE3B7F /* XCRemoteSwiftPackageReference "firebase-ios-sdk" */;
			productName = FirebaseAnalytics;
		};
		78CC193E2CF2BD7300CE3B7F /* FirebaseAuth */ = {
			isa = XCSwiftPackageProductDependency;
			package = 78CC193B2CF2BD7300CE3B7F /* XCRemoteSwiftPackageReference "firebase-ios-sdk" */;
			productName = FirebaseAuth;
		};
		78CC19402CF2BD7300CE3B7F /* FirebaseFirestore */ = {
			isa = XCSwiftPackageProductDependency;
			package = 78CC193B2CF2BD7300CE3B7F /* XCRemoteSwiftPackageReference "firebase-ios-sdk" */;
			productName = FirebaseFirestore;
		};
		78CC19422CF2BD7300CE3B7F /* FirebaseStorage */ = {
			isa = XCSwiftPackageProductDependency;
			package = 78CC193B2CF2BD7300CE3B7F /* XCRemoteSwiftPackageReference "firebase-ios-sdk" */;
			productName = FirebaseStorage;
		};
/* End XCSwiftPackageProductDependency section */
	};
	rootObject = 78918C122CEC5E0C00B6B503 /* Project object */;
}
